<?xml version="1.0" encoding="utf-8"?>
<Project ToolsVersion="4.0" xmlns="http://schemas.microsoft.com/developer/msbuild/2003">
  <ItemGroup>
    <Filter Include="Source Files">
      <UniqueIdentifier>{4FC737F1-C7A5-4376-A066-2A32D752A2FF}</UniqueIdentifier>
      <Extensions>cpp;c;cc;cxx;c++;cppm;ixx;def;odl;idl;hpj;bat;asm;asmx</Extensions>
    </Filter>
    <Filter Include="Header Files">
      <UniqueIdentifier>{93995380-89BD-4b04-88EB-625FBE52EBFB}</UniqueIdentifier>
      <Extensions>h;hh;hpp;hxx;h++;hm;inl;inc;ipp;xsd</Extensions>
    </Filter>
    <Filter Include="Resource Files">
      <UniqueIdentifier>{67DA6AB6-F800-4c08-8B7A-83BB121AAD01}</UniqueIdentifier>
      <Extensions>rc;ico;cur;bmp;dlg;rc2;rct;bin;rgs;gif;jpg;jpeg;jpe;resx;tiff;tif;png;wav;mfcribbon-ms</Extensions>
    </Filter>
  </ItemGroup>
  <ItemGroup>
    <ClCompile Include="src\main.cpp">
      <Filter>Source Files</Filter>
    </ClCompile>
    <ClCompile Include="src\app.cpp">
      <Filter>Source Files</Filter>
    </ClCompile>
    <ClCompile Include="src\billboard.cpp">
      <Filter>Source Files</Filter>
    </ClCompile>
    <ClCompile Include="src\camera.cpp">
      <Filter>Source Files</Filter>
    </ClCompile>
    <ClCompile Include="src\context.cpp">
      <Filter>Source Files</Filter>
    </ClCompile>
    <ClCompile Include="src\grid.cpp">
      <Filter>Source Files</Filter>
    </ClCompile>
    <ClCompile Include="src\gui.cpp">
      <Filter>Source Files</Filter>
    </ClCompile>
    <ClCompile Include="src\scamera.cpp">
      <Filter>Source Files</Filter>
    </ClCompile>
    <ClCompile Include="src\shader.cpp">
      <Filter>Source Files</Filter>
    </ClCompile>
    <ClCompile Include="src\store.cpp">
      <Filter>Source Files</Filter>
    </ClCompile>
    <ClCompile Include="src\texture.cpp">
      <Filter>Source Files</Filter>
    </ClCompile>
    <ClCompile Include="src\window.cpp">
      <Filter>Source Files</Filter>
    </ClCompile>
    <ClCompile Include="src\scenes\spring.cpp">
      <Filter>Source Files</Filter>
    </ClCompile>
    <ClCompile Include="src\curve.cpp">
      <Filter>Source Files</Filter>
    </ClCompile>
    <ClCompile Include="src\mathparse.cpp">
      <Filter>Source Files</Filter>
    </ClCompile>
    <ClCompile Include="src\scenes\top.cpp">
      <Filter>Source Files</Filter>
    </ClCompile>
    <ClCompile Include="src\cube.cpp">
      <Filter>Source Files</Filter>
    </ClCompile>
    <ClCompile Include="src\viewport.cpp">
      <Filter>Source Files</Filter>
    </ClCompile>
    <ClCompile Include="src\scenes\slerp.cpp">
      <Filter>Source Files</Filter>
    </ClCompile>
    <ClCompile Include="src\gizmo.cpp">
      <Filter>Source Files</Filter>
    </ClCompile>
  </ItemGroup>
  <ItemGroup>
    <ClInclude Include="inc\app.hpp">
      <Filter>Header Files</Filter>
    </ClInclude>
    <ClInclude Include="inc\billboard.hpp">
      <Filter>Header Files</Filter>
    </ClInclude>
    <ClInclude Include="inc\camera.hpp">
      <Filter>Header Files</Filter>
    </ClInclude>
    <ClInclude Include="inc\context.hpp">
      <Filter>Header Files</Filter>
    </ClInclude>
    <ClInclude Include="inc\grid.hpp">
      <Filter>Header Files</Filter>
    </ClInclude>
    <ClInclude Include="inc\gui.hpp">
      <Filter>Header Files</Filter>
    </ClInclude>
    <ClInclude Include="inc\scamera.hpp">
      <Filter>Header Files</Filter>
    </ClInclude>
    <ClInclude Include="inc\shader.hpp">
      <Filter>Header Files</Filter>
    </ClInclude>
    <ClInclude Include="inc\store.hpp">
      <Filter>Header Files</Filter>
    </ClInclude>
    <ClInclude Include="inc\texture.hpp">
      <Filter>Header Files</Filter>
    </ClInclude>
    <ClInclude Include="inc\window.hpp">
      <Filter>Header Files</Filter>
    </ClInclude>
    <ClInclude Include="inc\scene.hpp">
      <Filter>Header Files</Filter>
    </ClInclude>
    <ClInclude Include="inc\scenes\spring.hpp">
      <Filter>Header Files</Filter>
    </ClInclude>
    <ClInclude Include="inc\function.hpp">
      <Filter>Header Files</Filter>
    </ClInclude>
    <ClInclude Include="inc\curve.hpp">
      <Filter>Header Files</Filter>
    </ClInclude>
    <ClInclude Include="inc\mathparse.hpp">
      <Filter>Header Files</Filter>
    </ClInclude>
    <ClInclude Include="inc\scenes\top.hpp">
      <Filter>Header Files</Filter>
    </ClInclude>
    <ClInclude Include="inc\cube.hpp">
      <Filter>Header Files</Filter>
    </ClInclude>
    <ClInclude Include="inc\viewport.hpp">
      <Filter>Header Files</Filter>
    </ClInclude>
    <ClInclude Include="inc\scenes\slerp.hpp">
      <Filter>Header Files</Filter>
    </ClInclude>
    <ClInclude Include="inc\gizmo.hpp">
      <Filter>Header Files</Filter>
    </ClInclude>
  </ItemGroup>
  <ItemGroup>
    <None Include="shaders\fs_basic.glsl" />
    <None Include="shaders\fs_billboard.glsl" />
    <None Include="shaders\fs_grid_xz.glsl" />
    <None Include="shaders\fs_solidcolor.glsl" />
    <None Include="shaders\fs_white.glsl" />
    <None Include="shaders\vs_basic.glsl" />
    <None Include="shaders\vs_billboard.glsl" />
    <None Include="shaders\vs_billboard_s.glsl" />
    <None Include="shaders\vs_grid.glsl" />
    <None Include="shaders\vs_pass.glsl" />
    <None Include="shaders\vs_position.glsl" />
    <None Include="shaders\vs_sprite.glsl" />
    <None Include="shaders\fs_grid_xy.glsl" />
    <None Include="shaders\gs_lines.glsl" />
    <None Include="shaders\vs_shaded.glsl" />
    <None Include="shaders\fs_shaded.glsl" />
  </ItemGroup>
  <ItemGroup>
    <Font Include="opensans.ttf" />
  </ItemGroup>
  <ItemGroup>
    <Text Include="functions.txt" />
  </ItemGroup>
</Project>